
Microsoft Visual Studio Solution File, Format Version 12.00
# Visual Studio Version 16
VisualStudioVersion = 16.0.30011.22
MinimumVisualStudioVersion = 10.0.40219.1
Project("{FAE04EC0-301F-11D3-BF4B-00C04F79EFBC}") = "WankaMotors1.0", "WankaMotors1.0\WankaMotors1.0.csproj", "{1B512708-7A17-4837-8CA5-6CE6B78057C9}"
EndProject
Global
	GlobalSection(SolutionConfigurationPlatforms) = preSolution
		Debug|Any CPU = Debug|Any CPU
		Release|Any CPU = Release|Any CPU
	EndGlobalSection
	GlobalSection(ProjectConfigurationPlatforms) = postSolution
		{1B512708-7A17-4837-8CA5-6CE6B78057C9}.Debug|Any CPU.ActiveCfg = Debug|Any CPU
		{1B512708-7A17-4837-8CA5-6CE6B78057C9}.Debug|Any CPU.Build.0 = Debug|Any CPU
		{1B512708-7A17-4837-8CA5-6CE6B78057C9}.Release|Any CPU.ActiveCfg = Release|Any CPU
		{1B512708-7A17-4837-8CA5-6CE6B78057C9}.Release|Any CPU.Build.0 = Release|Any CPU
	EndGlobalSection
	GlobalSection(SolutionProperties) = preSolution
		HideSolutionNode = FALSE
	EndGlobalSection
	GlobalSection(ExtensibilityGlobals) = postSolution
		SolutionGuid = {2C6B5A87-D24B-401D-BDE7-7D72DB157FD2}
	EndGlobalSection
EndGlobal
